
Microsoft Visual Studio Solution File, Format Version 12.00
Project("{FAE04EC0-301F-11D3-BF4B-00C04F79EFBC}") = "BunsenBurner", "src\Core\BunsenBurner\BunsenBurner.csproj", "{1166C16C-5AE3-4075-BBB4-B43C0B712026}"
EndProject
Project("{FAE04EC0-301F-11D3-BF4B-00C04F79EFBC}") = "BunsenBurner.Tests", "src\Core\BunsenBurner.Tests\BunsenBurner.Tests.csproj", "{A6D826B6-1440-4169-B5F6-EF79F801BCCA}"
EndProject
Project("{FAE04EC0-301F-11D3-BF4B-00C04F79EFBC}") = "BunsenBurner.Verify.Xunit", "src\Verify\BunsenBurner.Verify.Xunit\BunsenBurner.Verify.Xunit.csproj", "{4951587D-A155-456A-8E86-F705F47B34DD}"
EndProject
Project("{FAE04EC0-301F-11D3-BF4B-00C04F79EFBC}") = "BunsenBurner.Verify.Xunit.Tests", "src\Verify\BunsenBurner.Verify.Xunit.Tests\BunsenBurner.Verify.Xunit.Tests.csproj", "{05A3C6A3-761C-454B-B8FC-F0E87978E063}"
EndProject
Project("{2150E333-8FDC-42A3-9474-1A3956D46DE8}") = "Verify", "src\Verify", "{EE0D5B71-EC3F-4DCB-B291-35B8AFD0CCD4}"
EndProject
Project("{FAE04EC0-301F-11D3-BF4B-00C04F79EFBC}") = "BunsenBurner.Verify.NUnit", "src\Verify\BunsenBurner.Verify.NUnit\BunsenBurner.Verify.NUnit.csproj", "{13C36BE3-BD61-4FF6-AB4E-CCFB9F1663CE}"
EndProject
Project("{FAE04EC0-301F-11D3-BF4B-00C04F79EFBC}") = "BunsenBurner.Verify.NUnit.Tests", "src\Verify\BunsenBurner.Verify.NUnit.Tests\BunsenBurner.Verify.NUnit.Tests.csproj", "{ECB3CE41-45A0-4D0D-80E5-AFECD9B155EB}"
EndProject
Project("{FAE04EC0-301F-11D3-BF4B-00C04F79EFBC}") = "BunsenBurner.Http", "src\Http\BunsenBurner.Http\BunsenBurner.Http.csproj", "{37626CD0-F66F-418E-9BC2-4140AF0566A3}"
EndProject
Project("{FAE04EC0-301F-11D3-BF4B-00C04F79EFBC}") = "BunsenBurner.Http.Tests", "src\Http\BunsenBurner.Http.Tests\BunsenBurner.Http.Tests.csproj", "{1B3275A1-00E5-40D1-9E6F-4EA3E049FE15}"
EndProject
Project("{FAE04EC0-301F-11D3-BF4B-00C04F79EFBC}") = "BunsenBurner.Bogus", "src\Bogus\BunsenBurner.Bogus\BunsenBurner.Bogus.csproj", "{FA72EF60-F268-44FA-9095-9C717BB31CB5}"
EndProject
Project("{FAE04EC0-301F-11D3-BF4B-00C04F79EFBC}") = "BunsenBurner.Bogus.Tests", "src\Bogus\BunsenBurner.Bogus.Tests\BunsenBurner.Bogus.Tests.csproj", "{720A6E07-2F53-46EC-8A9D-93A6BE2D7492}"
EndProject
Project("{FAE04EC0-301F-11D3-BF4B-00C04F79EFBC}") = "BunsenBurner.FunctionApp", "src\FunctionApp\BunsenBurner.FunctionApp\BunsenBurner.FunctionApp.csproj", "{845A3FFE-DCFE-4419-8647-FEA0911B0BD3}"
EndProject
Project("{FAE04EC0-301F-11D3-BF4B-00C04F79EFBC}") = "BunsenBurner.FunctionApp.Tests", "src\FunctionApp\BunsenBurner.FunctionApp.Tests\BunsenBurner.FunctionApp.Tests.csproj", "{AB594ED1-1680-4F8C-8731-E46DC9FC023D}"
EndProject
Project("{FAE04EC0-301F-11D3-BF4B-00C04F79EFBC}") = "BunsenBurner.Logging", "src\Logging\BunsenBurner.Logging\BunsenBurner.Logging.csproj", "{64532DDC-EB6A-4DE9-981C-02D1629833A1}"
EndProject
Project("{2150E333-8FDC-42A3-9474-1A3956D46DE8}") = "Logging", "src\Logging", "{1CED99F9-1C3E-40AE-9086-D812E7AE36FE}"
EndProject
Project("{FAE04EC0-301F-11D3-BF4B-00C04F79EFBC}") = "BunsenBurner.Logging.Tests", "src\Logging\BunsenBurner.Logging.Tests\BunsenBurner.Logging.Tests.csproj", "{964199D0-F882-48F7-B7CE-226237DB11DF}"
EndProject
Project("{2150E333-8FDC-42A3-9474-1A3956D46DE8}") = "Bogus", "src\Bogus", "{3A1903F7-F75E-4EA9-B43C-4B58960CA70B}"
EndProject
Project("{2150E333-8FDC-42A3-9474-1A3956D46DE8}") = "FunctionApp", "src\FunctionApp", "{B3FFC766-067D-40E1-ABF3-9B3EEED7B363}"
EndProject
Project("{2150E333-8FDC-42A3-9474-1A3956D46DE8}") = "Http", "src\Http", "{E5A0A423-8ACE-422A-B51D-A8A0FE5A2E0D}"
EndProject
Project("{2150E333-8FDC-42A3-9474-1A3956D46DE8}") = "Background", "src\Background", "{39CCC776-A8CF-4784-BAA8-4DA8B1942956}"
EndProject
Project("{FAE04EC0-301F-11D3-BF4B-00C04F79EFBC}") = "BunsenBurner.Background", "src\Background\BunsenBurner.Background\BunsenBurner.Background.csproj", "{D36CAAC4-AAFC-473A-9EDB-15E7F134093C}"
EndProject
Project("{FAE04EC0-301F-11D3-BF4B-00C04F79EFBC}") = "BunsenBurner.Background.Tests", "src\Background\BunsenBurner.Background.Tests\BunsenBurner.Background.Tests.csproj", "{F7CCECE8-435C-4E65-BA76-4466EE943A8E}"
EndProject
Project("{2150E333-8FDC-42A3-9474-1A3956D46DE8}") = "Core", "src\Core", "{206814F3-8E16-4511-8821-4C81D4F7E383}"
EndProject
Project("{FAE04EC0-301F-11D3-BF4B-00C04F79EFBC}") = "BunsenBurner.Hedgehog", "src\Hedgehog\BunsenBurner.Hedgehog\BunsenBurner.Hedgehog.csproj", "{84BEA404-FB16-4FAE-BB76-26D4F8F4569F}"
EndProject
Project("{2150E333-8FDC-42A3-9474-1A3956D46DE8}") = "Hedgehog", "src\Hedgehog", "{CBC77786-D4D4-42C9-B542-4A829E45E397}"
EndProject
Project("{FAE04EC0-301F-11D3-BF4B-00C04F79EFBC}") = "BunsenBurner.Hedgehog.Tests", "src\Hedgehog\BunsenBurner.Hedgehog.Tests\BunsenBurner.Hedgehog.Tests.csproj", "{01E63D96-7826-4F45-923E-98FFD570EDC2}"
EndProject
Project("{FAE04EC0-301F-11D3-BF4B-00C04F79EFBC}") = "BunsenBurner.Xunit", "src\Xunit\BunsenBurner.Xunit\BunsenBurner.Xunit.csproj", "{8291E575-739B-4130-804A-B6C9C3764C42}"
EndProject
Project("{2150E333-8FDC-42A3-9474-1A3956D46DE8}") = "Xunit", "src\Xunit", "{7B0F7A46-C301-40DC-A378-3DFF8B2AB899}"
EndProject
Project("{FAE04EC0-301F-11D3-BF4B-00C04F79EFBC}") = "BunsenBurner.Xunit.Tests", "src\Xunit\BunsenBurner.Xunit.Tests\BunsenBurner.Xunit.Tests.csproj", "{66C4C4B1-147C-45AB-B670-82CE11F8B1DE}"
EndProject
Project("{FAE04EC0-301F-11D3-BF4B-00C04F79EFBC}") = "BunsenBurner.NUnit", "src\NUnit\BunsenBurner.NUnit\BunsenBurner.NUnit.csproj", "{8D91239F-7947-427E-81EB-3FA03B5FCA52}"
EndProject
Project("{FAE04EC0-301F-11D3-BF4B-00C04F79EFBC}") = "BunsenBurner.NUnit.Tests", "src\NUnit\BunsenBurner.NUnit.Tests\BunsenBurner.NUnit.Tests.csproj", "{B6B7589B-F6F0-4285-8C87-4D389A84EAF0}"
EndProject
Project("{2150E333-8FDC-42A3-9474-1A3956D46DE8}") = "NUnit", "src\NUnit", "{DB991EC4-B7F2-4C15-AF09-97DC0E727471}"
EndProject
Project("{FAE04EC0-301F-11D3-BF4B-00C04F79EFBC}") = "BunsenBurner.BenchmarkDotNet", "src\BenchmarkDotNet\BunsenBurner.BenchmarkDotNet\BunsenBurner.BenchmarkDotNet.csproj", "{8D91239F-7947-427E-81EB-3FA03B5FCA51}"
EndProject
Project("{2150E333-8FDC-42A3-9474-1A3956D46DE8}") = "BenchmarkDotNet", "src\BenchmarkDotNet", "{C3DE4B35-787C-4C83-A9D3-AD44B4763E68}"
EndProject
Project("{FAE04EC0-301F-11D3-BF4B-00C04F79EFBC}") = "BunsenBurner.BenchmarkDotNet.Tests", "src\BenchmarkDotNet\BunsenBurner.BenchmarkDotNet.Tests\BunsenBurner.BenchmarkDotNet.Tests.csproj", "{084046F6-BAC0-4184-8136-03A0A1D8BEC3}"
EndProject
Project("{2150E333-8FDC-42A3-9474-1A3956D46DE8}") = "NUnit", "src\NUnit", "{E3BAB7CA-7367-4004-B806-8BB88AA093F0}"
EndProject
Project("{2150E333-8FDC-42A3-9474-1A3956D46DE8}") = "Xunit", "src\Xunit", "{301293F3-BA04-40ED-8ADE-4F4DC349B41B}"
EndProject
Project("{2150E333-8FDC-42A3-9474-1A3956D46DE8}") = "DependencyInjection", "src\DependencyInjection", "{09ACA2C4-4D6D-40B3-BAAD-38B1794FD86C}"
EndProject
Project("{FAE04EC0-301F-11D3-BF4B-00C04F79EFBC}") = "BunsenBurner.DependencyInjection", "src\DependencyInjection\BunsenBurner.DependencyInjection\BunsenBurner.DependencyInjection.csproj", "{C627A93C-9B3B-4A21-BC64-35C3E5F9C2A9}"
EndProject
Project("{FAE04EC0-301F-11D3-BF4B-00C04F79EFBC}") = "BunsenBurner.DependencyInjection.Tests", "src\DependencyInjection\BunsenBurner.DependencyInjection.Tests\BunsenBurner.DependencyInjection.Tests.csproj", "{8E4A1E2C-8066-449F-9236-DC2AA150334F}"
EndProject
Project("{2150E333-8FDC-42A3-9474-1A3956D46DE8}") = "AutoFixture", "src\AutoFixture", "{D146E899-E29B-423A-ADE0-FF1B73CF77AA}"
EndProject
Project("{FAE04EC0-301F-11D3-BF4B-00C04F79EFBC}") = "BunsenBurner.AutoFixture", "src\AutoFixture\BunsenBurner.AutoFixture\BunsenBurner.AutoFixture.csproj", "{4B69980D-7293-4726-994C-652C4DE17EFC}"
EndProject
Project("{FAE04EC0-301F-11D3-BF4B-00C04F79EFBC}") = "BunsenBurner.AutoFixture.Tests", "src\AutoFixture\BunsenBurner.AutoFixture.Tests\BunsenBurner.AutoFixture.Tests.csproj", "{A95D0483-C4C2-4779-AD54-C78E91B1B2EB}"
EndProject
Project("{2150E333-8FDC-42A3-9474-1A3956D46DE8}") = "Docs", "src\Docs", "{3E68D3FD-408C-4DB8-8996-E98CF9DBEB3D}"
EndProject
Project("{FAE04EC0-301F-11D3-BF4B-00C04F79EFBC}") = "BunsenBurner.Docs", "src\Docs\BunsenBurner.Docs\BunsenBurner.Docs.csproj", "{5CF7B770-B9E0-474F-A37D-F646E567608A}"
EndProject
Global
	GlobalSection(SolutionConfigurationPlatforms) = preSolution
		Debug|Any CPU = Debug|Any CPU
		Release|Any CPU = Release|Any CPU
	EndGlobalSection
	GlobalSection(ProjectConfigurationPlatforms) = postSolution
		{1166C16C-5AE3-4075-BBB4-B43C0B712026}.Debug|Any CPU.ActiveCfg = Debug|Any CPU
		{1166C16C-5AE3-4075-BBB4-B43C0B712026}.Debug|Any CPU.Build.0 = Debug|Any CPU
		{1166C16C-5AE3-4075-BBB4-B43C0B712026}.Release|Any CPU.ActiveCfg = Release|Any CPU
		{1166C16C-5AE3-4075-BBB4-B43C0B712026}.Release|Any CPU.Build.0 = Release|Any CPU
		{A6D826B6-1440-4169-B5F6-EF79F801BCCA}.Debug|Any CPU.ActiveCfg = Debug|Any CPU
		{A6D826B6-1440-4169-B5F6-EF79F801BCCA}.Debug|Any CPU.Build.0 = Debug|Any CPU
		{A6D826B6-1440-4169-B5F6-EF79F801BCCA}.Release|Any CPU.ActiveCfg = Release|Any CPU
		{A6D826B6-1440-4169-B5F6-EF79F801BCCA}.Release|Any CPU.Build.0 = Release|Any CPU
		{4951587D-A155-456A-8E86-F705F47B34DD}.Debug|Any CPU.ActiveCfg = Debug|Any CPU
		{4951587D-A155-456A-8E86-F705F47B34DD}.Debug|Any CPU.Build.0 = Debug|Any CPU
		{4951587D-A155-456A-8E86-F705F47B34DD}.Release|Any CPU.ActiveCfg = Release|Any CPU
		{4951587D-A155-456A-8E86-F705F47B34DD}.Release|Any CPU.Build.0 = Release|Any CPU
		{05A3C6A3-761C-454B-B8FC-F0E87978E063}.Debug|Any CPU.ActiveCfg = Debug|Any CPU
		{05A3C6A3-761C-454B-B8FC-F0E87978E063}.Debug|Any CPU.Build.0 = Debug|Any CPU
		{05A3C6A3-761C-454B-B8FC-F0E87978E063}.Release|Any CPU.ActiveCfg = Release|Any CPU
		{05A3C6A3-761C-454B-B8FC-F0E87978E063}.Release|Any CPU.Build.0 = Release|Any CPU
		{13C36BE3-BD61-4FF6-AB4E-CCFB9F1663CE}.Debug|Any CPU.ActiveCfg = Debug|Any CPU
		{13C36BE3-BD61-4FF6-AB4E-CCFB9F1663CE}.Debug|Any CPU.Build.0 = Debug|Any CPU
		{13C36BE3-BD61-4FF6-AB4E-CCFB9F1663CE}.Release|Any CPU.ActiveCfg = Release|Any CPU
		{13C36BE3-BD61-4FF6-AB4E-CCFB9F1663CE}.Release|Any CPU.Build.0 = Release|Any CPU
		{ECB3CE41-45A0-4D0D-80E5-AFECD9B155EB}.Debug|Any CPU.ActiveCfg = Debug|Any CPU
		{ECB3CE41-45A0-4D0D-80E5-AFECD9B155EB}.Debug|Any CPU.Build.0 = Debug|Any CPU
		{ECB3CE41-45A0-4D0D-80E5-AFECD9B155EB}.Release|Any CPU.ActiveCfg = Release|Any CPU
		{ECB3CE41-45A0-4D0D-80E5-AFECD9B155EB}.Release|Any CPU.Build.0 = Release|Any CPU
		{37626CD0-F66F-418E-9BC2-4140AF0566A3}.Debug|Any CPU.ActiveCfg = Debug|Any CPU
		{37626CD0-F66F-418E-9BC2-4140AF0566A3}.Debug|Any CPU.Build.0 = Debug|Any CPU
		{37626CD0-F66F-418E-9BC2-4140AF0566A3}.Release|Any CPU.ActiveCfg = Release|Any CPU
		{37626CD0-F66F-418E-9BC2-4140AF0566A3}.Release|Any CPU.Build.0 = Release|Any CPU
		{1B3275A1-00E5-40D1-9E6F-4EA3E049FE15}.Debug|Any CPU.ActiveCfg = Debug|Any CPU
		{1B3275A1-00E5-40D1-9E6F-4EA3E049FE15}.Debug|Any CPU.Build.0 = Debug|Any CPU
		{1B3275A1-00E5-40D1-9E6F-4EA3E049FE15}.Release|Any CPU.ActiveCfg = Release|Any CPU
		{1B3275A1-00E5-40D1-9E6F-4EA3E049FE15}.Release|Any CPU.Build.0 = Release|Any CPU
		{FA72EF60-F268-44FA-9095-9C717BB31CB5}.Debug|Any CPU.ActiveCfg = Debug|Any CPU
		{FA72EF60-F268-44FA-9095-9C717BB31CB5}.Debug|Any CPU.Build.0 = Debug|Any CPU
		{FA72EF60-F268-44FA-9095-9C717BB31CB5}.Release|Any CPU.ActiveCfg = Release|Any CPU
		{FA72EF60-F268-44FA-9095-9C717BB31CB5}.Release|Any CPU.Build.0 = Release|Any CPU
		{720A6E07-2F53-46EC-8A9D-93A6BE2D7492}.Debug|Any CPU.ActiveCfg = Debug|Any CPU
		{720A6E07-2F53-46EC-8A9D-93A6BE2D7492}.Debug|Any CPU.Build.0 = Debug|Any CPU
		{720A6E07-2F53-46EC-8A9D-93A6BE2D7492}.Release|Any CPU.ActiveCfg = Release|Any CPU
		{720A6E07-2F53-46EC-8A9D-93A6BE2D7492}.Release|Any CPU.Build.0 = Release|Any CPU
		{845A3FFE-DCFE-4419-8647-FEA0911B0BD3}.Debug|Any CPU.ActiveCfg = Debug|Any CPU
		{845A3FFE-DCFE-4419-8647-FEA0911B0BD3}.Debug|Any CPU.Build.0 = Debug|Any CPU
		{845A3FFE-DCFE-4419-8647-FEA0911B0BD3}.Release|Any CPU.ActiveCfg = Release|Any CPU
		{845A3FFE-DCFE-4419-8647-FEA0911B0BD3}.Release|Any CPU.Build.0 = Release|Any CPU
		{AB594ED1-1680-4F8C-8731-E46DC9FC023D}.Debug|Any CPU.ActiveCfg = Debug|Any CPU
		{AB594ED1-1680-4F8C-8731-E46DC9FC023D}.Debug|Any CPU.Build.0 = Debug|Any CPU
		{AB594ED1-1680-4F8C-8731-E46DC9FC023D}.Release|Any CPU.ActiveCfg = Release|Any CPU
		{AB594ED1-1680-4F8C-8731-E46DC9FC023D}.Release|Any CPU.Build.0 = Release|Any CPU
		{64532DDC-EB6A-4DE9-981C-02D1629833A1}.Debug|Any CPU.ActiveCfg = Debug|Any CPU
		{64532DDC-EB6A-4DE9-981C-02D1629833A1}.Debug|Any CPU.Build.0 = Debug|Any CPU
		{64532DDC-EB6A-4DE9-981C-02D1629833A1}.Release|Any CPU.ActiveCfg = Release|Any CPU
		{64532DDC-EB6A-4DE9-981C-02D1629833A1}.Release|Any CPU.Build.0 = Release|Any CPU
		{964199D0-F882-48F7-B7CE-226237DB11DF}.Debug|Any CPU.ActiveCfg = Debug|Any CPU
		{964199D0-F882-48F7-B7CE-226237DB11DF}.Debug|Any CPU.Build.0 = Debug|Any CPU
		{964199D0-F882-48F7-B7CE-226237DB11DF}.Release|Any CPU.ActiveCfg = Release|Any CPU
		{964199D0-F882-48F7-B7CE-226237DB11DF}.Release|Any CPU.Build.0 = Release|Any CPU
		{D36CAAC4-AAFC-473A-9EDB-15E7F134093C}.Debug|Any CPU.ActiveCfg = Debug|Any CPU
		{D36CAAC4-AAFC-473A-9EDB-15E7F134093C}.Debug|Any CPU.Build.0 = Debug|Any CPU
		{D36CAAC4-AAFC-473A-9EDB-15E7F134093C}.Release|Any CPU.ActiveCfg = Release|Any CPU
		{D36CAAC4-AAFC-473A-9EDB-15E7F134093C}.Release|Any CPU.Build.0 = Release|Any CPU
		{F7CCECE8-435C-4E65-BA76-4466EE943A8E}.Debug|Any CPU.ActiveCfg = Debug|Any CPU
		{F7CCECE8-435C-4E65-BA76-4466EE943A8E}.Debug|Any CPU.Build.0 = Debug|Any CPU
		{F7CCECE8-435C-4E65-BA76-4466EE943A8E}.Release|Any CPU.ActiveCfg = Release|Any CPU
		{F7CCECE8-435C-4E65-BA76-4466EE943A8E}.Release|Any CPU.Build.0 = Release|Any CPU
		{84BEA404-FB16-4FAE-BB76-26D4F8F4569F}.Debug|Any CPU.ActiveCfg = Debug|Any CPU
		{84BEA404-FB16-4FAE-BB76-26D4F8F4569F}.Debug|Any CPU.Build.0 = Debug|Any CPU
		{84BEA404-FB16-4FAE-BB76-26D4F8F4569F}.Release|Any CPU.ActiveCfg = Release|Any CPU
		{84BEA404-FB16-4FAE-BB76-26D4F8F4569F}.Release|Any CPU.Build.0 = Release|Any CPU
		{01E63D96-7826-4F45-923E-98FFD570EDC2}.Debug|Any CPU.ActiveCfg = Debug|Any CPU
		{01E63D96-7826-4F45-923E-98FFD570EDC2}.Debug|Any CPU.Build.0 = Debug|Any CPU
		{01E63D96-7826-4F45-923E-98FFD570EDC2}.Release|Any CPU.ActiveCfg = Release|Any CPU
		{01E63D96-7826-4F45-923E-98FFD570EDC2}.Release|Any CPU.Build.0 = Release|Any CPU
		{8291E575-739B-4130-804A-B6C9C3764C42}.Debug|Any CPU.ActiveCfg = Debug|Any CPU
		{8291E575-739B-4130-804A-B6C9C3764C42}.Debug|Any CPU.Build.0 = Debug|Any CPU
		{8291E575-739B-4130-804A-B6C9C3764C42}.Release|Any CPU.ActiveCfg = Release|Any CPU
		{8291E575-739B-4130-804A-B6C9C3764C42}.Release|Any CPU.Build.0 = Release|Any CPU
		{66C4C4B1-147C-45AB-B670-82CE11F8B1DE}.Debug|Any CPU.ActiveCfg = Debug|Any CPU
		{66C4C4B1-147C-45AB-B670-82CE11F8B1DE}.Debug|Any CPU.Build.0 = Debug|Any CPU
		{66C4C4B1-147C-45AB-B670-82CE11F8B1DE}.Release|Any CPU.ActiveCfg = Release|Any CPU
		{66C4C4B1-147C-45AB-B670-82CE11F8B1DE}.Release|Any CPU.Build.0 = Release|Any CPU
		{8D91239F-7947-427E-81EB-3FA03B5FCA52}.Debug|Any CPU.ActiveCfg = Debug|Any CPU
		{8D91239F-7947-427E-81EB-3FA03B5FCA52}.Debug|Any CPU.Build.0 = Debug|Any CPU
		{8D91239F-7947-427E-81EB-3FA03B5FCA52}.Release|Any CPU.ActiveCfg = Release|Any CPU
		{8D91239F-7947-427E-81EB-3FA03B5FCA52}.Release|Any CPU.Build.0 = Release|Any CPU
		{B6B7589B-F6F0-4285-8C87-4D389A84EAF0}.Debug|Any CPU.ActiveCfg = Debug|Any CPU
		{B6B7589B-F6F0-4285-8C87-4D389A84EAF0}.Debug|Any CPU.Build.0 = Debug|Any CPU
		{B6B7589B-F6F0-4285-8C87-4D389A84EAF0}.Release|Any CPU.ActiveCfg = Release|Any CPU
		{B6B7589B-F6F0-4285-8C87-4D389A84EAF0}.Release|Any CPU.Build.0 = Release|Any CPU
		{8D91239F-7947-427E-81EB-3FA03B5FCA51}.Debug|Any CPU.ActiveCfg = Debug|Any CPU
		{8D91239F-7947-427E-81EB-3FA03B5FCA51}.Debug|Any CPU.Build.0 = Debug|Any CPU
		{8D91239F-7947-427E-81EB-3FA03B5FCA51}.Release|Any CPU.ActiveCfg = Release|Any CPU
		{8D91239F-7947-427E-81EB-3FA03B5FCA51}.Release|Any CPU.Build.0 = Release|Any CPU
		{084046F6-BAC0-4184-8136-03A0A1D8BEC3}.Debug|Any CPU.ActiveCfg = Debug|Any CPU
		{084046F6-BAC0-4184-8136-03A0A1D8BEC3}.Debug|Any CPU.Build.0 = Debug|Any CPU
		{084046F6-BAC0-4184-8136-03A0A1D8BEC3}.Release|Any CPU.ActiveCfg = Release|Any CPU
		{084046F6-BAC0-4184-8136-03A0A1D8BEC3}.Release|Any CPU.Build.0 = Release|Any CPU
		{C627A93C-9B3B-4A21-BC64-35C3E5F9C2A9}.Debug|Any CPU.ActiveCfg = Debug|Any CPU
		{C627A93C-9B3B-4A21-BC64-35C3E5F9C2A9}.Debug|Any CPU.Build.0 = Debug|Any CPU
		{C627A93C-9B3B-4A21-BC64-35C3E5F9C2A9}.Release|Any CPU.ActiveCfg = Release|Any CPU
		{C627A93C-9B3B-4A21-BC64-35C3E5F9C2A9}.Release|Any CPU.Build.0 = Release|Any CPU
		{8E4A1E2C-8066-449F-9236-DC2AA150334F}.Debug|Any CPU.ActiveCfg = Debug|Any CPU
		{8E4A1E2C-8066-449F-9236-DC2AA150334F}.Debug|Any CPU.Build.0 = Debug|Any CPU
		{8E4A1E2C-8066-449F-9236-DC2AA150334F}.Release|Any CPU.ActiveCfg = Release|Any CPU
		{8E4A1E2C-8066-449F-9236-DC2AA150334F}.Release|Any CPU.Build.0 = Release|Any CPU
		{4B69980D-7293-4726-994C-652C4DE17EFC}.Debug|Any CPU.ActiveCfg = Debug|Any CPU
		{4B69980D-7293-4726-994C-652C4DE17EFC}.Debug|Any CPU.Build.0 = Debug|Any CPU
		{4B69980D-7293-4726-994C-652C4DE17EFC}.Release|Any CPU.ActiveCfg = Release|Any CPU
		{4B69980D-7293-4726-994C-652C4DE17EFC}.Release|Any CPU.Build.0 = Release|Any CPU
		{A95D0483-C4C2-4779-AD54-C78E91B1B2EB}.Debug|Any CPU.ActiveCfg = Debug|Any CPU
		{A95D0483-C4C2-4779-AD54-C78E91B1B2EB}.Debug|Any CPU.Build.0 = Debug|Any CPU
		{A95D0483-C4C2-4779-AD54-C78E91B1B2EB}.Release|Any CPU.ActiveCfg = Release|Any CPU
		{A95D0483-C4C2-4779-AD54-C78E91B1B2EB}.Release|Any CPU.Build.0 = Release|Any CPU
		{5CF7B770-B9E0-474F-A37D-F646E567608A}.Debug|Any CPU.ActiveCfg = Debug|Any CPU
		{5CF7B770-B9E0-474F-A37D-F646E567608A}.Debug|Any CPU.Build.0 = Debug|Any CPU
		{5CF7B770-B9E0-474F-A37D-F646E567608A}.Release|Any CPU.ActiveCfg = Release|Any CPU
		{5CF7B770-B9E0-474F-A37D-F646E567608A}.Release|Any CPU.Build.0 = Release|Any CPU
	EndGlobalSection
	GlobalSection(NestedProjects) = preSolution
		{64532DDC-EB6A-4DE9-981C-02D1629833A1} = {1CED99F9-1C3E-40AE-9086-D812E7AE36FE}
		{964199D0-F882-48F7-B7CE-226237DB11DF} = {1CED99F9-1C3E-40AE-9086-D812E7AE36FE}
		{FA72EF60-F268-44FA-9095-9C717BB31CB5} = {3A1903F7-F75E-4EA9-B43C-4B58960CA70B}
		{720A6E07-2F53-46EC-8A9D-93A6BE2D7492} = {3A1903F7-F75E-4EA9-B43C-4B58960CA70B}
		{845A3FFE-DCFE-4419-8647-FEA0911B0BD3} = {B3FFC766-067D-40E1-ABF3-9B3EEED7B363}
		{AB594ED1-1680-4F8C-8731-E46DC9FC023D} = {B3FFC766-067D-40E1-ABF3-9B3EEED7B363}
		{37626CD0-F66F-418E-9BC2-4140AF0566A3} = {E5A0A423-8ACE-422A-B51D-A8A0FE5A2E0D}
		{1B3275A1-00E5-40D1-9E6F-4EA3E049FE15} = {E5A0A423-8ACE-422A-B51D-A8A0FE5A2E0D}
		{D36CAAC4-AAFC-473A-9EDB-15E7F134093C} = {39CCC776-A8CF-4784-BAA8-4DA8B1942956}
		{F7CCECE8-435C-4E65-BA76-4466EE943A8E} = {39CCC776-A8CF-4784-BAA8-4DA8B1942956}
		{1166C16C-5AE3-4075-BBB4-B43C0B712026} = {206814F3-8E16-4511-8821-4C81D4F7E383}
		{A6D826B6-1440-4169-B5F6-EF79F801BCCA} = {206814F3-8E16-4511-8821-4C81D4F7E383}
		{84BEA404-FB16-4FAE-BB76-26D4F8F4569F} = {CBC77786-D4D4-42C9-B542-4A829E45E397}
		{01E63D96-7826-4F45-923E-98FFD570EDC2} = {CBC77786-D4D4-42C9-B542-4A829E45E397}
		{8291E575-739B-4130-804A-B6C9C3764C42} = {7B0F7A46-C301-40DC-A378-3DFF8B2AB899}
		{66C4C4B1-147C-45AB-B670-82CE11F8B1DE} = {7B0F7A46-C301-40DC-A378-3DFF8B2AB899}
		{8D91239F-7947-427E-81EB-3FA03B5FCA52} = {DB991EC4-B7F2-4C15-AF09-97DC0E727471}
		{B6B7589B-F6F0-4285-8C87-4D389A84EAF0} = {DB991EC4-B7F2-4C15-AF09-97DC0E727471}
		{8D91239F-7947-427E-81EB-3FA03B5FCA51} = {C3DE4B35-787C-4C83-A9D3-AD44B4763E68}
		{084046F6-BAC0-4184-8136-03A0A1D8BEC3} = {C3DE4B35-787C-4C83-A9D3-AD44B4763E68}
		{E3BAB7CA-7367-4004-B806-8BB88AA093F0} = {EE0D5B71-EC3F-4DCB-B291-35B8AFD0CCD4}
		{301293F3-BA04-40ED-8ADE-4F4DC349B41B} = {EE0D5B71-EC3F-4DCB-B291-35B8AFD0CCD4}
		{13C36BE3-BD61-4FF6-AB4E-CCFB9F1663CE} = {E3BAB7CA-7367-4004-B806-8BB88AA093F0}
		{ECB3CE41-45A0-4D0D-80E5-AFECD9B155EB} = {E3BAB7CA-7367-4004-B806-8BB88AA093F0}
		{4951587D-A155-456A-8E86-F705F47B34DD} = {301293F3-BA04-40ED-8ADE-4F4DC349B41B}
		{05A3C6A3-761C-454B-B8FC-F0E87978E063} = {301293F3-BA04-40ED-8ADE-4F4DC349B41B}
		{C627A93C-9B3B-4A21-BC64-35C3E5F9C2A9} = {09ACA2C4-4D6D-40B3-BAAD-38B1794FD86C}
		{8E4A1E2C-8066-449F-9236-DC2AA150334F} = {09ACA2C4-4D6D-40B3-BAAD-38B1794FD86C}
		{4B69980D-7293-4726-994C-652C4DE17EFC} = {D146E899-E29B-423A-ADE0-FF1B73CF77AA}
		{A95D0483-C4C2-4779-AD54-C78E91B1B2EB} = {D146E899-E29B-423A-ADE0-FF1B73CF77AA}
		{5CF7B770-B9E0-474F-A37D-F646E567608A} = {3E68D3FD-408C-4DB8-8996-E98CF9DBEB3D}
	EndGlobalSection
EndGlobal
