
Microsoft Visual Studio Solution File, Format Version 12.00
Project("{2150E333-8FDC-42A3-9474-1A3956D46DE8}") = "Logging", "Logging", "{1CED99F9-1C3E-40AE-9086-D812E7AE36FE}"
EndProject
Project("{2150E333-8FDC-42A3-9474-1A3956D46DE8}") = "Http", "Http", "{E5A0A423-8ACE-422A-B51D-A8A0FE5A2E0D}"
EndProject
Project("{2150E333-8FDC-42A3-9474-1A3956D46DE8}") = "Core", "Core", "{206814F3-8E16-4511-8821-4C81D4F7E383}"
EndProject
Project("{2150E333-8FDC-42A3-9474-1A3956D46DE8}") = "Docs", "Docs", "{BF6C350C-8EAF-4401-9AA6-6132191A6CC5}"
EndProject
Project("{FAE04EC0-301F-11D3-BF4B-00C04F79EFBC}") = "BunsenBurner.Docs", "src\Docs\BunsenBurner.Docs\BunsenBurner.Docs.csproj", "{7BA63880-9A46-4D25-9646-30F73E43870A}"
EndProject
Project("{FAE04EC0-301F-11D3-BF4B-00C04F79EFBC}") = "BunsenBurner", "src\Core\BunsenBurner\BunsenBurner.csproj", "{7785CA26-4A1D-42CB-ACB1-D8DE50FA9666}"
EndProject
Project("{FAE04EC0-301F-11D3-BF4B-00C04F79EFBC}") = "BunsenBurner.Tests", "src\Core\BunsenBurner.Tests\BunsenBurner.Tests.csproj", "{247DBEFB-C0C2-4654-B4FC-D424D39E385F}"
EndProject
Project("{FAE04EC0-301F-11D3-BF4B-00C04F79EFBC}") = "BunsenBurner.Logging", "src\Logging\BunsenBurner.Logging\BunsenBurner.Logging.csproj", "{6C1D4FD7-FB66-4192-8C0F-D519FE0D5A20}"
EndProject
Project("{FAE04EC0-301F-11D3-BF4B-00C04F79EFBC}") = "BunsenBurner.Logging.Tests", "src\Logging\BunsenBurner.Logging.Tests\BunsenBurner.Logging.Tests.csproj", "{140C8D31-2470-425F-BFB7-03E8CAD48E22}"
EndProject
Project("{FAE04EC0-301F-11D3-BF4B-00C04F79EFBC}") = "BunsenBurner.TestServerBuilder", "src\Http\BunsenBurner.TestServerBuilder\BunsenBurner.TestServerBuilder.csproj", "{77D6D889-4351-4CF3-B5D8-0AB58FD2E18B}"
EndProject
Project("{FAE04EC0-301F-11D3-BF4B-00C04F79EFBC}") = "BunsenBurner.TestServerBuilder.Tests", "src\Http\BunsenBurner.TestServerBuilder.Tests\BunsenBurner.TestServerBuilder.Tests.csproj", "{2DEED192-0353-4B61-A919-D35D23342E18}"
EndProject
Project("{FAE04EC0-301F-11D3-BF4B-00C04F79EFBC}") = "BunsenBurner.Jwt", "src\Http\BunsenBurner.Jwt\BunsenBurner.Jwt.csproj", "{A51228FC-5A3B-44C7-9CC6-881E425F733F}"
EndProject
Project("{FAE04EC0-301F-11D3-BF4B-00C04F79EFBC}") = "BunsenBurner.Jwt.Tests", "src\Http\BunsenBurner.Jwt.Tests\BunsenBurner.Jwt.Tests.csproj", "{71B63486-5EC7-4766-86D8-6019AB003ABF}"
EndProject
Project("{2150E333-8FDC-42A3-9474-1A3956D46DE8}") = "Jwt", "Jwt", "{29587314-A393-435A-933C-D4607ED71D66}"
EndProject
Project("{2150E333-8FDC-42A3-9474-1A3956D46DE8}") = "TestServerBuilder", "TestServerBuilder", "{112FA36C-8D55-4BB1-81C8-35EB88E5A92C}"
EndProject
Global
	GlobalSection(SolutionConfigurationPlatforms) = preSolution
		Debug|Any CPU = Debug|Any CPU
		Release|Any CPU = Release|Any CPU
	EndGlobalSection
	GlobalSection(ProjectConfigurationPlatforms) = postSolution
		{7BA63880-9A46-4D25-9646-30F73E43870A}.Debug|Any CPU.ActiveCfg = Debug|Any CPU
		{7BA63880-9A46-4D25-9646-30F73E43870A}.Debug|Any CPU.Build.0 = Debug|Any CPU
		{7BA63880-9A46-4D25-9646-30F73E43870A}.Release|Any CPU.ActiveCfg = Release|Any CPU
		{7BA63880-9A46-4D25-9646-30F73E43870A}.Release|Any CPU.Build.0 = Release|Any CPU
		{7785CA26-4A1D-42CB-ACB1-D8DE50FA9666}.Debug|Any CPU.ActiveCfg = Debug|Any CPU
		{7785CA26-4A1D-42CB-ACB1-D8DE50FA9666}.Debug|Any CPU.Build.0 = Debug|Any CPU
		{7785CA26-4A1D-42CB-ACB1-D8DE50FA9666}.Release|Any CPU.ActiveCfg = Release|Any CPU
		{7785CA26-4A1D-42CB-ACB1-D8DE50FA9666}.Release|Any CPU.Build.0 = Release|Any CPU
		{247DBEFB-C0C2-4654-B4FC-D424D39E385F}.Debug|Any CPU.ActiveCfg = Debug|Any CPU
		{247DBEFB-C0C2-4654-B4FC-D424D39E385F}.Debug|Any CPU.Build.0 = Debug|Any CPU
		{247DBEFB-C0C2-4654-B4FC-D424D39E385F}.Release|Any CPU.ActiveCfg = Release|Any CPU
		{247DBEFB-C0C2-4654-B4FC-D424D39E385F}.Release|Any CPU.Build.0 = Release|Any CPU
		{6C1D4FD7-FB66-4192-8C0F-D519FE0D5A20}.Debug|Any CPU.ActiveCfg = Debug|Any CPU
		{6C1D4FD7-FB66-4192-8C0F-D519FE0D5A20}.Debug|Any CPU.Build.0 = Debug|Any CPU
		{6C1D4FD7-FB66-4192-8C0F-D519FE0D5A20}.Release|Any CPU.ActiveCfg = Release|Any CPU
		{6C1D4FD7-FB66-4192-8C0F-D519FE0D5A20}.Release|Any CPU.Build.0 = Release|Any CPU
		{140C8D31-2470-425F-BFB7-03E8CAD48E22}.Debug|Any CPU.ActiveCfg = Debug|Any CPU
		{140C8D31-2470-425F-BFB7-03E8CAD48E22}.Debug|Any CPU.Build.0 = Debug|Any CPU
		{140C8D31-2470-425F-BFB7-03E8CAD48E22}.Release|Any CPU.ActiveCfg = Release|Any CPU
		{140C8D31-2470-425F-BFB7-03E8CAD48E22}.Release|Any CPU.Build.0 = Release|Any CPU
		{77D6D889-4351-4CF3-B5D8-0AB58FD2E18B}.Debug|Any CPU.ActiveCfg = Debug|Any CPU
		{77D6D889-4351-4CF3-B5D8-0AB58FD2E18B}.Debug|Any CPU.Build.0 = Debug|Any CPU
		{77D6D889-4351-4CF3-B5D8-0AB58FD2E18B}.Release|Any CPU.ActiveCfg = Release|Any CPU
		{77D6D889-4351-4CF3-B5D8-0AB58FD2E18B}.Release|Any CPU.Build.0 = Release|Any CPU
		{2DEED192-0353-4B61-A919-D35D23342E18}.Debug|Any CPU.ActiveCfg = Debug|Any CPU
		{2DEED192-0353-4B61-A919-D35D23342E18}.Debug|Any CPU.Build.0 = Debug|Any CPU
		{2DEED192-0353-4B61-A919-D35D23342E18}.Release|Any CPU.ActiveCfg = Release|Any CPU
		{2DEED192-0353-4B61-A919-D35D23342E18}.Release|Any CPU.Build.0 = Release|Any CPU
		{A51228FC-5A3B-44C7-9CC6-881E425F733F}.Debug|Any CPU.ActiveCfg = Debug|Any CPU
		{A51228FC-5A3B-44C7-9CC6-881E425F733F}.Debug|Any CPU.Build.0 = Debug|Any CPU
		{A51228FC-5A3B-44C7-9CC6-881E425F733F}.Release|Any CPU.ActiveCfg = Release|Any CPU
		{A51228FC-5A3B-44C7-9CC6-881E425F733F}.Release|Any CPU.Build.0 = Release|Any CPU
		{71B63486-5EC7-4766-86D8-6019AB003ABF}.Debug|Any CPU.ActiveCfg = Debug|Any CPU
		{71B63486-5EC7-4766-86D8-6019AB003ABF}.Debug|Any CPU.Build.0 = Debug|Any CPU
		{71B63486-5EC7-4766-86D8-6019AB003ABF}.Release|Any CPU.ActiveCfg = Release|Any CPU
		{71B63486-5EC7-4766-86D8-6019AB003ABF}.Release|Any CPU.Build.0 = Release|Any CPU
	EndGlobalSection
	GlobalSection(NestedProjects) = preSolution
		{7BA63880-9A46-4D25-9646-30F73E43870A} = {BF6C350C-8EAF-4401-9AA6-6132191A6CC5}
		{7785CA26-4A1D-42CB-ACB1-D8DE50FA9666} = {206814F3-8E16-4511-8821-4C81D4F7E383}
		{247DBEFB-C0C2-4654-B4FC-D424D39E385F} = {206814F3-8E16-4511-8821-4C81D4F7E383}
		{6C1D4FD7-FB66-4192-8C0F-D519FE0D5A20} = {1CED99F9-1C3E-40AE-9086-D812E7AE36FE}
		{140C8D31-2470-425F-BFB7-03E8CAD48E22} = {1CED99F9-1C3E-40AE-9086-D812E7AE36FE}
		{29587314-A393-435A-933C-D4607ED71D66} = {E5A0A423-8ACE-422A-B51D-A8A0FE5A2E0D}
		{A51228FC-5A3B-44C7-9CC6-881E425F733F} = {29587314-A393-435A-933C-D4607ED71D66}
		{71B63486-5EC7-4766-86D8-6019AB003ABF} = {29587314-A393-435A-933C-D4607ED71D66}
		{112FA36C-8D55-4BB1-81C8-35EB88E5A92C} = {E5A0A423-8ACE-422A-B51D-A8A0FE5A2E0D}
		{77D6D889-4351-4CF3-B5D8-0AB58FD2E18B} = {112FA36C-8D55-4BB1-81C8-35EB88E5A92C}
		{2DEED192-0353-4B61-A919-D35D23342E18} = {112FA36C-8D55-4BB1-81C8-35EB88E5A92C}
	EndGlobalSection
EndGlobal
