
Microsoft Visual Studio Solution File, Format Version 12.00
Project("{FAE04EC0-301F-11D3-BF4B-00C04F79EFBC}") = "BunsenBurner", "BunsenBurner\BunsenBurner.csproj", "{0A85E7EF-79E3-4DFF-B54B-63F17E1CD670}"
EndProject
Project("{FAE04EC0-301F-11D3-BF4B-00C04F79EFBC}") = "BunsenBurner.Tests", "BunsenBurner.Tests\BunsenBurner.Tests.csproj", "{09DED483-3223-4863-A720-75E1E40CA76B}"
EndProject
Project("{FAE04EC0-301F-11D3-BF4B-00C04F79EFBC}") = "BunsenBurner.Docs", "BunsenBurner.Docs\BunsenBurner.Docs.csproj", "{B1C58D56-43B3-4773-95B1-FED0C715438F}"
EndProject
Global
	GlobalSection(SolutionConfigurationPlatforms) = preSolution
		Debug|Any CPU = Debug|Any CPU
		Release|Any CPU = Release|Any CPU
	EndGlobalSection
	GlobalSection(ProjectConfigurationPlatforms) = postSolution
		{0A85E7EF-79E3-4DFF-B54B-63F17E1CD670}.Debug|Any CPU.ActiveCfg = Debug|Any CPU
		{0A85E7EF-79E3-4DFF-B54B-63F17E1CD670}.Debug|Any CPU.Build.0 = Debug|Any CPU
		{0A85E7EF-79E3-4DFF-B54B-63F17E1CD670}.Release|Any CPU.ActiveCfg = Release|Any CPU
		{0A85E7EF-79E3-4DFF-B54B-63F17E1CD670}.Release|Any CPU.Build.0 = Release|Any CPU
		{09DED483-3223-4863-A720-75E1E40CA76B}.Debug|Any CPU.ActiveCfg = Debug|Any CPU
		{09DED483-3223-4863-A720-75E1E40CA76B}.Debug|Any CPU.Build.0 = Debug|Any CPU
		{09DED483-3223-4863-A720-75E1E40CA76B}.Release|Any CPU.ActiveCfg = Release|Any CPU
		{09DED483-3223-4863-A720-75E1E40CA76B}.Release|Any CPU.Build.0 = Release|Any CPU
		{B1C58D56-43B3-4773-95B1-FED0C715438F}.Debug|Any CPU.ActiveCfg = Debug|Any CPU
		{B1C58D56-43B3-4773-95B1-FED0C715438F}.Debug|Any CPU.Build.0 = Debug|Any CPU
		{B1C58D56-43B3-4773-95B1-FED0C715438F}.Release|Any CPU.ActiveCfg = Release|Any CPU
		{B1C58D56-43B3-4773-95B1-FED0C715438F}.Release|Any CPU.Build.0 = Release|Any CPU
	EndGlobalSection
	GlobalSection(NestedProjects) = preSolution
	EndGlobalSection
EndGlobal
