
Microsoft Visual Studio Solution File, Format Version 12.00
Project("{FAE04EC0-301F-11D3-BF4B-00C04F79EFBC}") = "FluentTests", "FluentTests\FluentTests.csproj", "{1166C16C-5AE3-4075-BBB4-B43C0B712026}"
EndProject
Project("{FAE04EC0-301F-11D3-BF4B-00C04F79EFBC}") = "FluentTests.Tests", "FluentTests.Tests\FluentTests.Tests.csproj", "{A6D826B6-1440-4169-B5F6-EF79F801BCCA}"
EndProject
Project("{FAE04EC0-301F-11D3-BF4B-00C04F79EFBC}") = "FluentTests.AutoFixture", "FluentTests.AutoFixture\FluentTests.AutoFixture.csproj", "{09AB3D92-4B13-4DBB-9BB1-3460C7CFC4A9}"
EndProject
Project("{FAE04EC0-301F-11D3-BF4B-00C04F79EFBC}") = "FluentTests.AutoFixture.Tests", "FluentTests.AutoFixture.Tests\FluentTests.AutoFixture.Tests.csproj", "{A1392A79-D7D5-4A21-BCEC-A240F3BEB5EE}"
EndProject
Global
	GlobalSection(SolutionConfigurationPlatforms) = preSolution
		Debug|Any CPU = Debug|Any CPU
		Release|Any CPU = Release|Any CPU
	EndGlobalSection
	GlobalSection(ProjectConfigurationPlatforms) = postSolution
		{1166C16C-5AE3-4075-BBB4-B43C0B712026}.Debug|Any CPU.ActiveCfg = Debug|Any CPU
		{1166C16C-5AE3-4075-BBB4-B43C0B712026}.Debug|Any CPU.Build.0 = Debug|Any CPU
		{1166C16C-5AE3-4075-BBB4-B43C0B712026}.Release|Any CPU.ActiveCfg = Release|Any CPU
		{1166C16C-5AE3-4075-BBB4-B43C0B712026}.Release|Any CPU.Build.0 = Release|Any CPU
		{A6D826B6-1440-4169-B5F6-EF79F801BCCA}.Debug|Any CPU.ActiveCfg = Debug|Any CPU
		{A6D826B6-1440-4169-B5F6-EF79F801BCCA}.Debug|Any CPU.Build.0 = Debug|Any CPU
		{A6D826B6-1440-4169-B5F6-EF79F801BCCA}.Release|Any CPU.ActiveCfg = Release|Any CPU
		{A6D826B6-1440-4169-B5F6-EF79F801BCCA}.Release|Any CPU.Build.0 = Release|Any CPU
		{09AB3D92-4B13-4DBB-9BB1-3460C7CFC4A9}.Debug|Any CPU.ActiveCfg = Debug|Any CPU
		{09AB3D92-4B13-4DBB-9BB1-3460C7CFC4A9}.Debug|Any CPU.Build.0 = Debug|Any CPU
		{09AB3D92-4B13-4DBB-9BB1-3460C7CFC4A9}.Release|Any CPU.ActiveCfg = Release|Any CPU
		{09AB3D92-4B13-4DBB-9BB1-3460C7CFC4A9}.Release|Any CPU.Build.0 = Release|Any CPU
		{A1392A79-D7D5-4A21-BCEC-A240F3BEB5EE}.Debug|Any CPU.ActiveCfg = Debug|Any CPU
		{A1392A79-D7D5-4A21-BCEC-A240F3BEB5EE}.Debug|Any CPU.Build.0 = Debug|Any CPU
		{A1392A79-D7D5-4A21-BCEC-A240F3BEB5EE}.Release|Any CPU.ActiveCfg = Release|Any CPU
		{A1392A79-D7D5-4A21-BCEC-A240F3BEB5EE}.Release|Any CPU.Build.0 = Release|Any CPU
	EndGlobalSection
EndGlobal
